// !$*UTF8*$!
{
	archiveVersion = 1;
	classes = {
	};
	objectVersion = 55;
	objects = {

/* Begin PBXBuildFile section */
		19D06A282972D55B00DAEEC1 /* AppDelegate.swift in Sources */ = {isa = PBXBuildFile; fileRef = 19D06A272972D55B00DAEEC1 /* AppDelegate.swift */; };
		19D06A2A2972D55B00DAEEC1 /* SceneDelegate.swift in Sources */ = {isa = PBXBuildFile; fileRef = 19D06A292972D55B00DAEEC1 /* SceneDelegate.swift */; };
		19D06A2C2972D55C00DAEEC1 /* ViewController.swift in Sources */ = {isa = PBXBuildFile; fileRef = 19D06A2B2972D55C00DAEEC1 /* ViewController.swift */; };
		19D06A2F2972D55C00DAEEC1 /* Main.storyboard in Resources */ = {isa = PBXBuildFile; fileRef = 19D06A2D2972D55C00DAEEC1 /* Main.storyboard */; };
		19D06A312972D55C00DAEEC1 /* Assets.xcassets in Resources */ = {isa = PBXBuildFile; fileRef = 19D06A302972D55C00DAEEC1 /* Assets.xcassets */; };
		19D06A342972D55C00DAEEC1 /* LaunchScreen.storyboard in Resources */ = {isa = PBXBuildFile; fileRef = 19D06A322972D55C00DAEEC1 /* LaunchScreen.storyboard */; };
		19D06A3C2972D61200DAEEC1 /* UserModel.swift in Sources */ = {isa = PBXBuildFile; fileRef = 19D06A3B2972D61200DAEEC1 /* UserModel.swift */; };
		19D06A3E2972D6A800DAEEC1 /* UserController.swift in Sources */ = {isa = PBXBuildFile; fileRef = 19D06A3D2972D6A800DAEEC1 /* UserController.swift */; };
		19D06A402972E67200DAEEC1 /* SecondViewController.swift in Sources */ = {isa = PBXBuildFile; fileRef = 19D06A3F2972E67200DAEEC1 /* SecondViewController.swift */; };
		C281283296534A029E78DDB9 /* Pods_dz_4_mes_2ur.framework in Frameworks */ = {isa = PBXBuildFile; fileRef = C651AB50D9D6E5342C8D631F /* Pods_dz_4_mes_2ur.framework */; };
/* End PBXBuildFile section */

/* Begin PBXFileReference section */
		19D06A242972D55B00DAEEC1 /* dz 4 mes 2ur.app */ = {isa = PBXFileReference; explicitFileType = wrapper.application; includeInIndex = 0; path = "dz 4 mes 2ur.app"; sourceTree = BUILT_PRODUCTS_DIR; };
		19D06A272972D55B00DAEEC1 /* AppDelegate.swift */ = {isa = PBXFileReference; lastKnownFileType = sourcecode.swift; path = AppDelegate.swift; sourceTree = "<group>"; };
		19D06A292972D55B00DAEEC1 /* SceneDelegate.swift */ = {isa = PBXFileReference; lastKnownFileType = sourcecode.swift; path = SceneDelegate.swift; sourceTree = "<group>"; };
		19D06A2B2972D55C00DAEEC1 /* ViewController.swift */ = {isa = PBXFileReference; lastKnownFileType = sourcecode.swift; path = ViewController.swift; sourceTree = "<group>"; };
		19D06A2E2972D55C00DAEEC1 /* Base */ = {isa = PBXFileReference; lastKnownFileType = file.storyboard; name = Base; path = Base.lproj/Main.storyboard; sourceTree = "<group>"; };
		19D06A302972D55C00DAEEC1 /* Assets.xcassets */ = {isa = PBXFileReference; lastKnownFileType = folder.assetcatalog; path = Assets.xcassets; sourceTree = "<group>"; };
		19D06A332972D55C00DAEEC1 /* Base */ = {isa = PBXFileReference; lastKnownFileType = file.storyboard; name = Base; path = Base.lproj/LaunchScreen.storyboard; sourceTree = "<group>"; };
		19D06A352972D55C00DAEEC1 /* Info.plist */ = {isa = PBXFileReference; lastKnownFileType = text.plist.xml; path = Info.plist; sourceTree = "<group>"; };
		19D06A3B2972D61200DAEEC1 /* UserModel.swift */ = {isa = PBXFileReference; lastKnownFileType = sourcecode.swift; path = UserModel.swift; sourceTree = "<group>"; };
		19D06A3D2972D6A800DAEEC1 /* UserController.swift */ = {isa = PBXFileReference; lastKnownFileType = sourcecode.swift; path = UserController.swift; sourceTree = "<group>"; };
		19D06A3F2972E67200DAEEC1 /* SecondViewController.swift */ = {isa = PBXFileReference; lastKnownFileType = sourcecode.swift; path = SecondViewController.swift; sourceTree = "<group>"; };
		A18785BBDD76706C68BD1439 /* Pods-dz 4 mes 2ur.release.xcconfig */ = {isa = PBXFileReference; includeInIndex = 1; lastKnownFileType = text.xcconfig; name = "Pods-dz 4 mes 2ur.release.xcconfig"; path = "Target Support Files/Pods-dz 4 mes 2ur/Pods-dz 4 mes 2ur.release.xcconfig"; sourceTree = "<group>"; };
		C651AB50D9D6E5342C8D631F /* Pods_dz_4_mes_2ur.framework */ = {isa = PBXFileReference; explicitFileType = wrapper.framework; includeInIndex = 0; path = Pods_dz_4_mes_2ur.framework; sourceTree = BUILT_PRODUCTS_DIR; };
		D4620A556C4542B6D9E707DA /* Pods-dz 4 mes 2ur.debug.xcconfig */ = {isa = PBXFileReference; includeInIndex = 1; lastKnownFileType = text.xcconfig; name = "Pods-dz 4 mes 2ur.debug.xcconfig"; path = "Target Support Files/Pods-dz 4 mes 2ur/Pods-dz 4 mes 2ur.debug.xcconfig"; sourceTree = "<group>"; };
/* End PBXFileReference section */

/* Begin PBXFrameworksBuildPhase section */
		19D06A212972D55B00DAEEC1 /* Frameworks */ = {
			isa = PBXFrameworksBuildPhase;
			buildActionMask = 2147483647;
			files = (
				C281283296534A029E78DDB9 /* Pods_dz_4_mes_2ur.framework in Frameworks */,
			);
			runOnlyForDeploymentPostprocessing = 0;
		};
/* End PBXFrameworksBuildPhase section */

/* Begin PBXGroup section */
		19D06A1B2972D55B00DAEEC1 = {
			isa = PBXGroup;
			children = (
				19D06A262972D55B00DAEEC1 /* dz 4 mes 2ur */,
				19D06A252972D55B00DAEEC1 /* Products */,
				C136E5125211596BDE9022AF /* Pods */,
				4F1DE6A3C83416AB6FFCBCEB /* Frameworks */,
			);
			sourceTree = "<group>";
		};
		19D06A252972D55B00DAEEC1 /* Products */ = {
			isa = PBXGroup;
			children = (
				19D06A242972D55B00DAEEC1 /* dz 4 mes 2ur.app */,
			);
			name = Products;
			sourceTree = "<group>";
		};
		19D06A262972D55B00DAEEC1 /* dz 4 mes 2ur */ = {
			isa = PBXGroup;
			children = (
				19D06A272972D55B00DAEEC1 /* AppDelegate.swift */,
				19D06A292972D55B00DAEEC1 /* SceneDelegate.swift */,
				19D06A2B2972D55C00DAEEC1 /* ViewController.swift */,
				19D06A2D2972D55C00DAEEC1 /* Main.storyboard */,
				19D06A302972D55C00DAEEC1 /* Assets.xcassets */,
				19D06A322972D55C00DAEEC1 /* LaunchScreen.storyboard */,
				19D06A352972D55C00DAEEC1 /* Info.plist */,
				19D06A3B2972D61200DAEEC1 /* UserModel.swift */,
				19D06A3D2972D6A800DAEEC1 /* UserController.swift */,
				19D06A3F2972E67200DAEEC1 /* SecondViewController.swift */,
			);
			path = "dz 4 mes 2ur";
			sourceTree = "<group>";
		};
		4F1DE6A3C83416AB6FFCBCEB /* Frameworks */ = {
			isa = PBXGroup;
			children = (
				C651AB50D9D6E5342C8D631F /* Pods_dz_4_mes_2ur.framework */,
			);
			name = Frameworks;
			sourceTree = "<group>";
		};
		C136E5125211596BDE9022AF /* Pods */ = {
			isa = PBXGroup;
			children = (
				D4620A556C4542B6D9E707DA /* Pods-dz 4 mes 2ur.debug.xcconfig */,
				A18785BBDD76706C68BD1439 /* Pods-dz 4 mes 2ur.release.xcconfig */,
			);
			path = Pods;
			sourceTree = "<group>";
		};
/* End PBXGroup section */

/* Begin PBXNativeTarget section */
		19D06A232972D55B00DAEEC1 /* dz 4 mes 2ur */ = {
			isa = PBXNativeTarget;
			buildConfigurationList = 19D06A382972D55C00DAEEC1 /* Build configuration list for PBXNativeTarget "dz 4 mes 2ur" */;
			buildPhases = (
				42BE6B10C093080183982209 /* [CP] Check Pods Manifest.lock */,
				19D06A202972D55B00DAEEC1 /* Sources */,
				19D06A212972D55B00DAEEC1 /* Frameworks */,
				19D06A222972D55B00DAEEC1 /* Resources */,
				A2E7D5F9C0EA86ED75B10874 /* [CP] Embed Pods Frameworks */,
			);
			buildRules = (
			);
			dependencies = (
			);
			name = "dz 4 mes 2ur";
			productName = "dz 4 mes 2ur";
			productReference = 19D06A242972D55B00DAEEC1 /* dz 4 mes 2ur.app */;
			productType = "com.apple.product-type.application";
		};
/* End PBXNativeTarget section */

/* Begin PBXProject section */
		19D06A1C2972D55B00DAEEC1 /* Project object */ = {
			isa = PBXProject;
			attributes = {
				BuildIndependentTargetsInParallel = 1;
				LastSwiftUpdateCheck = 1340;
				LastUpgradeCheck = 1340;
				TargetAttributes = {
					19D06A232972D55B00DAEEC1 = {
						CreatedOnToolsVersion = 13.4.1;
					};
				};
			};
			buildConfigurationList = 19D06A1F2972D55B00DAEEC1 /* Build configuration list for PBXProject "dz 4 mes 2ur" */;
			compatibilityVersion = "Xcode 13.0";
			developmentRegion = en;
			hasScannedForEncodings = 0;
			knownRegions = (
				en,
				Base,
			);
			mainGroup = 19D06A1B2972D55B00DAEEC1;
			productRefGroup = 19D06A252972D55B00DAEEC1 /* Products */;
			projectDirPath = "";
			projectRoot = "";
			targets = (
				19D06A232972D55B00DAEEC1 /* dz 4 mes 2ur */,
			);
		};
/* End PBXProject section */

/* Begin PBXResourcesBuildPhase section */
		19D06A222972D55B00DAEEC1 /* Resources */ = {
			isa = PBXResourcesBuildPhase;
			buildActionMask = 2147483647;
			files = (
				19D06A342972D55C00DAEEC1 /* LaunchScreen.storyboard in Resources */,
				19D06A312972D55C00DAEEC1 /* Assets.xcassets in Resources */,
				19D06A2F2972D55C00DAEEC1 /* Main.storyboard in Resources */,
			);
			runOnlyForDeploymentPostprocessing = 0;
		};
/* End PBXResourcesBuildPhase section */

/* Begin PBXShellScriptBuildPhase section */
		42BE6B10C093080183982209 /* [CP] Check Pods Manifest.lock */ = {
			isa = PBXShellScriptBuildPhase;
			buildActionMask = 2147483647;
			files = (
			);
			inputFileListPaths = (
			);
			inputPaths = (
				"${PODS_PODFILE_DIR_PATH}/Podfile.lock",
				"${PODS_ROOT}/Manifest.lock",
			);
			name = "[CP] Check Pods Manifest.lock";
			outputFileListPaths = (
			);
			outputPaths = (
				"$(DERIVED_FILE_DIR)/Pods-dz 4 mes 2ur-checkManifestLockResult.txt",
			);
			runOnlyForDeploymentPostprocessing = 0;
			shellPath = /bin/sh;
			shellScript = "diff \"${PODS_PODFILE_DIR_PATH}/Podfile.lock\" \"${PODS_ROOT}/Manifest.lock\" > /dev/null\nif [ $? != 0 ] ; then\n    # print error to STDERR\n    echo \"error: The sandbox is not in sync with the Podfile.lock. Run 'pod install' or update your CocoaPods installation.\" >&2\n    exit 1\nfi\n# This output is used by Xcode 'outputs' to avoid re-running this script phase.\necho \"SUCCESS\" > \"${SCRIPT_OUTPUT_FILE_0}\"\n";
			showEnvVarsInLog = 0;
		};
		A2E7D5F9C0EA86ED75B10874 /* [CP] Embed Pods Frameworks */ = {
			isa = PBXShellScriptBuildPhase;
			buildActionMask = 2147483647;
			files = (
			);
			inputFileListPaths = (
				"${PODS_ROOT}/Target Support Files/Pods-dz 4 mes 2ur/Pods-dz 4 mes 2ur-frameworks-${CONFIGURATION}-input-files.xcfilelist",
			);
			name = "[CP] Embed Pods Frameworks";
			outputFileListPaths = (
				"${PODS_ROOT}/Target Support Files/Pods-dz 4 mes 2ur/Pods-dz 4 mes 2ur-frameworks-${CONFIGURATION}-output-files.xcfilelist",
			);
			runOnlyForDeploymentPostprocessing = 0;
			shellPath = /bin/sh;
			shellScript = "\"${PODS_ROOT}/Target Support Files/Pods-dz 4 mes 2ur/Pods-dz 4 mes 2ur-frameworks.sh\"\n";
			showEnvVarsInLog = 0;
		};
/* End PBXShellScriptBuildPhase section */

/* Begin PBXSourcesBuildPhase section */
		19D06A202972D55B00DAEEC1 /* Sources */ = {
			isa = PBXSourcesBuildPhase;
			buildActionMask = 2147483647;
			files = (
				19D06A402972E67200DAEEC1 /* SecondViewController.swift in Sources */,
				19D06A2C2972D55C00DAEEC1 /* ViewController.swift in Sources */,
				19D06A282972D55B00DAEEC1 /* AppDelegate.swift in Sources */,
				19D06A3E2972D6A800DAEEC1 /* UserController.swift in Sources */,
				19D06A3C2972D61200DAEEC1 /* UserModel.swift in Sources */,
				19D06A2A2972D55B00DAEEC1 /* SceneDelegate.swift in Sources */,
			);
			runOnlyForDeploymentPostprocessing = 0;
		};
/* End PBXSourcesBuildPhase section */

/* Begin PBXVariantGroup section */
		19D06A2D2972D55C00DAEEC1 /* Main.storyboard */ = {
			isa = PBXVariantGroup;
			children = (
				19D06A2E2972D55C00DAEEC1 /* Base */,
			);
			name = Main.storyboard;
			sourceTree = "<group>";
		};
		19D06A322972D55C00DAEEC1 /* LaunchScreen.storyboard */ = {
			isa = PBXVariantGroup;
			children = (
				19D06A332972D55C00DAEEC1 /* Base */,
			);
			name = LaunchScreen.storyboard;
			sourceTree = "<group>";
		};
/* End PBXVariantGroup section */

/* Begin XCBuildConfiguration section */
		19D06A362972D55C00DAEEC1 /* Debug */ = {
			isa = XCBuildConfiguration;
			buildSettings = {
				ALWAYS_SEARCH_USER_PATHS = NO;
				CLANG_ANALYZER_NONNULL = YES;
				CLANG_ANALYZER_NUMBER_OBJECT_CONVERSION = YES_AGGRESSIVE;
				CLANG_CXX_LANGUAGE_STANDARD = "gnu++17";
				CLANG_ENABLE_MODULES = YES;
				CLANG_ENABLE_OBJC_ARC = YES;
				CLANG_ENABLE_OBJC_WEAK = YES;
				CLANG_WARN_BLOCK_CAPTURE_AUTORELEASING = YES;
				CLANG_WARN_BOOL_CONVERSION = YES;
				CLANG_WARN_COMMA = YES;
				CLANG_WARN_CONSTANT_CONVERSION = YES;
				CLANG_WARN_DEPRECATED_OBJC_IMPLEMENTATIONS = YES;
				CLANG_WARN_DIRECT_OBJC_ISA_USAGE = YES_ERROR;
				CLANG_WARN_DOCUMENTATION_COMMENTS = YES;
				CLANG_WARN_EMPTY_BODY = YES;
				CLANG_WARN_ENUM_CONVERSION = YES;
				CLANG_WARN_INFINITE_RECURSION = YES;
				CLANG_WARN_INT_CONVERSION = YES;
				CLANG_WARN_NON_LITERAL_NULL_CONVERSION = YES;
				CLANG_WARN_OBJC_IMPLICIT_RETAIN_SELF = YES;
				CLANG_WARN_OBJC_LITERAL_CONVERSION = YES;
				CLANG_WARN_OBJC_ROOT_CLASS = YES_ERROR;
				CLANG_WARN_QUOTED_INCLUDE_IN_FRAMEWORK_HEADER = YES;
				CLANG_WARN_RANGE_LOOP_ANALYSIS = YES;
				CLANG_WARN_STRICT_PROTOTYPES = YES;
				CLANG_WARN_SUSPICIOUS_MOVE = YES;
				CLANG_WARN_UNGUARDED_AVAILABILITY = YES_AGGRESSIVE;
				CLANG_WARN_UNREACHABLE_CODE = YES;
				CLANG_WARN__DUPLICATE_METHOD_MATCH = YES;
				COPY_PHASE_STRIP = NO;
				DEBUG_INFORMATION_FORMAT = dwarf;
				ENABLE_STRICT_OBJC_MSGSEND = YES;
				ENABLE_TESTABILITY = YES;
				GCC_C_LANGUAGE_STANDARD = gnu11;
				GCC_DYNAMIC_NO_PIC = NO;
				GCC_NO_COMMON_BLOCKS = YES;
				GCC_OPTIMIZATION_LEVEL = 0;
				GCC_PREPROCESSOR_DEFINITIONS = (
					"DEBUG=1",
					"$(inherited)",
				);
				GCC_WARN_64_TO_32_BIT_CONVERSION = YES;
				GCC_WARN_ABOUT_RETURN_TYPE = YES_ERROR;
				GCC_WARN_UNDECLARED_SELECTOR = YES;
				GCC_WARN_UNINITIALIZED_AUTOS = YES_AGGRESSIVE;
				GCC_WARN_UNUSED_FUNCTION = YES;
				GCC_WARN_UNUSED_VARIABLE = YES;
				IPHONEOS_DEPLOYMENT_TARGET = 15.5;
				MTL_ENABLE_DEBUG_INFO = INCLUDE_SOURCE;
				MTL_FAST_MATH = YES;
				ONLY_ACTIVE_ARCH = YES;
				SDKROOT = iphoneos;
				SWIFT_ACTIVE_COMPILATION_CONDITIONS = DEBUG;
				SWIFT_OPTIMIZATION_LEVEL = "-Onone";
			};
			name = Debug;
		};
		19D06A372972D55C00DAEEC1 /* Release */ = {
			isa = XCBuildConfiguration;
			buildSettings = {
				ALWAYS_SEARCH_USER_PATHS = NO;
				CLANG_ANALYZER_NONNULL = YES;
				CLANG_ANALYZER_NUMBER_OBJECT_CONVERSION = YES_AGGRESSIVE;
				CLANG_CXX_LANGUAGE_STANDARD = "gnu++17";
				CLANG_ENABLE_MODULES = YES;
				CLANG_ENABLE_OBJC_ARC = YES;
				CLANG_ENABLE_OBJC_WEAK = YES;
				CLANG_WARN_BLOCK_CAPTURE_AUTORELEASING = YES;
				CLANG_WARN_BOOL_CONVERSION = YES;
				CLANG_WARN_COMMA = YES;
				CLANG_WARN_CONSTANT_CONVERSION = YES;
				CLANG_WARN_DEPRECATED_OBJC_IMPLEMENTATIONS = YES;
				CLANG_WARN_DIRECT_OBJC_ISA_USAGE = YES_ERROR;
				CLANG_WARN_DOCUMENTATION_COMMENTS = YES;
				CLANG_WARN_EMPTY_BODY = YES;
				CLANG_WARN_ENUM_CONVERSION = YES;
				CLANG_WARN_INFINITE_RECURSION = YES;
				CLANG_WARN_INT_CONVERSION = YES;
				CLANG_WARN_NON_LITERAL_NULL_CONVERSION = YES;
				CLANG_WARN_OBJC_IMPLICIT_RETAIN_SELF = YES;
				CLANG_WARN_OBJC_LITERAL_CONVERSION = YES;
				CLANG_WARN_OBJC_ROOT_CLASS = YES_ERROR;
				CLANG_WARN_QUOTED_INCLUDE_IN_FRAMEWORK_HEADER = YES;
				CLANG_WARN_RANGE_LOOP_ANALYSIS = YES;
				CLANG_WARN_STRICT_PROTOTYPES = YES;
				CLANG_WARN_SUSPICIOUS_MOVE = YES;
				CLANG_WARN_UNGUARDED_AVAILABILITY = YES_AGGRESSIVE;
				CLANG_WARN_UNREACHABLE_CODE = YES;
				CLANG_WARN__DUPLICATE_METHOD_MATCH = YES;
				COPY_PHASE_STRIP = NO;
				DEBUG_INFORMATION_FORMAT = "dwarf-with-dsym";
				ENABLE_NS_ASSERTIONS = NO;
				ENABLE_STRICT_OBJC_MSGSEND = YES;
				GCC_C_LANGUAGE_STANDARD = gnu11;
				GCC_NO_COMMON_BLOCKS = YES;
				GCC_WARN_64_TO_32_BIT_CONVERSION = YES;
				GCC_WARN_ABOUT_RETURN_TYPE = YES_ERROR;
				GCC_WARN_UNDECLARED_SELECTOR = YES;
				GCC_WARN_UNINITIALIZED_AUTOS = YES_AGGRESSIVE;
				GCC_WARN_UNUSED_FUNCTION = YES;
				GCC_WARN_UNUSED_VARIABLE = YES;
				IPHONEOS_DEPLOYMENT_TARGET = 15.5;
				MTL_ENABLE_DEBUG_INFO = NO;
				MTL_FAST_MATH = YES;
				SDKROOT = iphoneos;
				SWIFT_COMPILATION_MODE = wholemodule;
				SWIFT_OPTIMIZATION_LEVEL = "-O";
				VALIDATE_PRODUCT = YES;
			};
			name = Release;
		};
		19D06A392972D55C00DAEEC1 /* Debug */ = {
			isa = XCBuildConfiguration;
			baseConfigurationReference = D4620A556C4542B6D9E707DA /* Pods-dz 4 mes 2ur.debug.xcconfig */;
			buildSettings = {
				ASSETCATALOG_COMPILER_APPICON_NAME = AppIcon;
				ASSETCATALOG_COMPILER_GLOBAL_ACCENT_COLOR_NAME = AccentColor;
				CODE_SIGN_STYLE = Automatic;
				CURRENT_PROJECT_VERSION = 1;
				DEVELOPMENT_TEAM = XZZ5P72957;
				GENERATE_INFOPLIST_FILE = YES;
				INFOPLIST_FILE = "dz 4 mes 2ur/Info.plist";
				INFOPLIST_KEY_UIApplicationSupportsIndirectInputEvents = YES;
				INFOPLIST_KEY_UILaunchStoryboardName = LaunchScreen;
				INFOPLIST_KEY_UIMainStoryboardFile = Main;
				INFOPLIST_KEY_UISupportedInterfaceOrientations_iPad = "UIInterfaceOrientationPortrait UIInterfaceOrientationPortraitUpsideDown UIInterfaceOrientationLandscapeLeft UIInterfaceOrientationLandscapeRight";
				INFOPLIST_KEY_UISupportedInterfaceOrientations_iPhone = "UIInterfaceOrientationPortrait UIInterfaceOrientationLandscapeLeft UIInterfaceOrientationLandscapeRight";
				LD_RUNPATH_SEARCH_PATHS = (
					"$(inherited)",
					"@executable_path/Frameworks",
				);
				MARKETING_VERSION = 1.0;
				PRODUCT_BUNDLE_IDENTIFIER = "gt.dz-4-mes-2ur";
				PRODUCT_NAME = "$(TARGET_NAME)";
				SWIFT_EMIT_LOC_STRINGS = YES;
				SWIFT_VERSION = 5.0;
				TARGETED_DEVICE_FAMILY = "1,2";
			};
			name = Debug;
		};
		19D06A3A2972D55C00DAEEC1 /* Release */ = {
			isa = XCBuildConfiguration;
			baseConfigurationReference = A18785BBDD76706C68BD1439 /* Pods-dz 4 mes 2ur.release.xcconfig */;
			buildSettings = {
				ASSETCATALOG_COMPILER_APPICON_NAME = AppIcon;
				ASSETCATALOG_COMPILER_GLOBAL_ACCENT_COLOR_NAME = AccentColor;
				CODE_SIGN_STYLE = Automatic;
				CURRENT_PROJECT_VERSION = 1;
				DEVELOPMENT_TEAM = XZZ5P72957;
				GENERATE_INFOPLIST_FILE = YES;
				INFOPLIST_FILE = "dz 4 mes 2ur/Info.plist";
				INFOPLIST_KEY_UIApplicationSupportsIndirectInputEvents = YES;
				INFOPLIST_KEY_UILaunchStoryboardName = LaunchScreen;
				INFOPLIST_KEY_UIMainStoryboardFile = Main;
				INFOPLIST_KEY_UISupportedInterfaceOrientations_iPad = "UIInterfaceOrientationPortrait UIInterfaceOrientationPortraitUpsideDown UIInterfaceOrientationLandscapeLeft UIInterfaceOrientationLandscapeRight";
				INFOPLIST_KEY_UISupportedInterfaceOrientations_iPhone = "UIInterfaceOrientationPortrait UIInterfaceOrientationLandscapeLeft UIInterfaceOrientationLandscapeRight";
				LD_RUNPATH_SEARCH_PATHS = (
					"$(inherited)",
					"@executable_path/Frameworks",
				);
				MARKETING_VERSION = 1.0;
				PRODUCT_BUNDLE_IDENTIFIER = "gt.dz-4-mes-2ur";
				PRODUCT_NAME = "$(TARGET_NAME)";
				SWIFT_EMIT_LOC_STRINGS = YES;
				SWIFT_VERSION = 5.0;
				TARGETED_DEVICE_FAMILY = "1,2";
			};
			name = Release;
		};
/* End XCBuildConfiguration section */

/* Begin XCConfigurationList section */
		19D06A1F2972D55B00DAEEC1 /* Build configuration list for PBXProject "dz 4 mes 2ur" */ = {
			isa = XCConfigurationList;
			buildConfigurations = (
				19D06A362972D55C00DAEEC1 /* Debug */,
				19D06A372972D55C00DAEEC1 /* Release */,
			);
			defaultConfigurationIsVisible = 0;
			defaultConfigurationName = Release;
		};
		19D06A382972D55C00DAEEC1 /* Build configuration list for PBXNativeTarget "dz 4 mes 2ur" */ = {
			isa = XCConfigurationList;
			buildConfigurations = (
				19D06A392972D55C00DAEEC1 /* Debug */,
				19D06A3A2972D55C00DAEEC1 /* Release */,
			);
			defaultConfigurationIsVisible = 0;
			defaultConfigurationName = Release;
		};
/* End XCConfigurationList section */
	};
	rootObject = 19D06A1C2972D55B00DAEEC1 /* Project object */;
}
